# THIS IS AN AUTOGENERATED FILE. DO NOT EDIT THIS FILE DIRECTLY.
# yarn lockfile v1


babel-helper-module-imports@^7.0.0-beta.3:
  version "7.0.0-beta.3"
  resolved "https://registry.yarnpkg.com/babel-helper-module-imports/-/babel-helper-module-imports-7.0.0-beta.3.tgz#e15764e3af9c8e11810c09f78f498a2bdc71585a"
  dependencies:
    babel-types "7.0.0-beta.3"
    lodash "^4.2.0"

babel-plugin-import@^1.6.2:
  version "1.6.2"
  resolved "https://registry.yarnpkg.com/babel-plugin-import/-/babel-plugin-import-1.6.2.tgz#09a8ff8ec8e67e0034f97adf1d833b0d5b6e815e"
  dependencies:
    babel-helper-module-imports "^7.0.0-beta.3"

babel-types@7.0.0-beta.3:
  version "7.0.0-beta.3"
  resolved "https://registry.yarnpkg.com/babel-types/-/babel-types-7.0.0-beta.3.tgz#cd927ca70e0ae8ab05f4aab83778cfb3e6eb20b4"
  dependencies:
    esutils "^2.0.2"
    lodash "^4.2.0"
    to-fast-properties "^2.0.0"

esutils@^2.0.2:
  version "2.0.2"
  resolved "https://registry.yarnpkg.com/esutils/-/esutils-2.0.2.tgz#0abf4f1caa5bcb1f7a9d8acc6dea4faaa04bac9b"

lodash@^4.2.0:
  version "4.17.4"
  resolved "https://registry.yarnpkg.com/lodash/-/lodash-4.17.4.tgz#78203a4d1c328ae1d86dca6460e369b57f4055ae"

to-fast-properties@^2.0.0:
  version "2.0.0"
  resolved "https://registry.yarnpkg.com/to-fast-properties/-/to-fast-properties-2.0.0.tgz#dc5e698cbd079265bc73e0377681a4e4e83f616e"
